[[package]]
category = "main"
description = "File support for asyncio."
marker = "extra == \"all\""
name = "aiofiles"
optional = false
python-versions = "*"
version = "0.4.0"

[[package]]
category = "main"
description = "A database migration tool for SQLAlchemy."
name = "alembic"
optional = false
python-versions = ">=2.7, !=3.0.*, !=3.1.*, !=3.2.*, !=3.3.*"
version = "1.0.10"

[package.dependencies]
Mako = "*"
SQLAlchemy = ">=0.9.0"
python-dateutil = "*"
python-editor = ">=0.3"

[[package]]
category = "main"
description = "A library for parsing ISO 8601 strings."
marker = "extra == \"all\""
name = "aniso8601"
optional = false
python-versions = "*"
version = "3.0.2"

[[package]]
category = "dev"
description = "Atomic file writes."
name = "atomicwrites"
optional = false
python-versions = ">=2.7, !=3.0.*, !=3.1.*, !=3.2.*, !=3.3.*"
version = "1.3.0"

[[package]]
category = "dev"
description = "Classes Without Boilerplate"
name = "attrs"
optional = false
python-versions = ">=2.7, !=3.0.*, !=3.1.*, !=3.2.*, !=3.3.*"
version = "19.1.0"

[[package]]
category = "main"
description = "Python package for providing Mozilla's CA Bundle."
marker = "extra == \"all\""
name = "certifi"
optional = false
python-versions = "*"
version = "2019.3.9"

[[package]]
category = "main"
description = "Universal encoding detector for Python 2 and 3"
marker = "extra == \"all\""
name = "chardet"
optional = false
python-versions = "*"
version = "3.0.4"

[[package]]
category = "main"
description = "Composable command line interface toolkit"
marker = "extra == \"all\""
name = "click"
optional = false
python-versions = ">=2.7, !=3.0.*, !=3.1.*, !=3.2.*, !=3.3.*"
version = "7.0"

[[package]]
category = "dev"
description = "Cross-platform colored terminal text."
marker = "sys_platform == \"win32\""
name = "colorama"
optional = false
python-versions = ">=2.7, !=3.0.*, !=3.1.*, !=3.2.*, !=3.3.*"
version = "0.4.1"

[[package]]
category = "main"
description = "A library for building a configuration store from one or more layered configuration sources"
name = "configurator"
optional = false
python-versions = "*"
version = "1.2.0"

[[package]]
category = "main"
description = "DNS toolkit"
marker = "extra == \"all\""
name = "dnspython"
optional = false
python-versions = ">=2.7, !=3.0.*, !=3.1.*, !=3.2.*, !=3.3.*"
version = "1.16.0"

[[package]]
category = "main"
description = "A robust email syntax and deliverability validation library for Python 2.x/3.x."
marker = "extra == \"all\""
name = "email-validator"
optional = false
python-versions = "*"
version = "1.0.4"

[package.dependencies]
dnspython = ">=1.15.0"
idna = ">=2.0.0"

[[package]]
category = "main"
description = "FastAPI framework, high performance, easy to learn, fast to code, ready for production"
name = "fastapi"
optional = false
python-versions = ">=3.6"
version = "0.26.0"

[package.dependencies]
aiofiles = "*"
email_validator = "*"
graphene = "*"
itsdangerous = "*"
jinja2 = "*"
pydantic = ">=0.17,<=0.26.0"
python-multipart = "*"
pyyaml = "*"
requests = "*"
starlette = ">=0.11.1,<=0.12.0"
ujson = "*"
uvicorn = "*"

[[package]]
category = "main"
description = "GraphQL Framework for Python"
marker = "extra == \"all\""
name = "graphene"
optional = false
python-versions = "*"
version = "2.1.3"

[package.dependencies]
aniso8601 = ">=3,<4"
graphql-core = ">=2.1,<3"
graphql-relay = ">=0.4.5,<1"
promise = ">=2.1,<3"
six = ">=1.10.0,<2"

[[package]]
category = "main"
description = "GraphQL implementation for Python"
marker = "extra == \"all\""
name = "graphql-core"
optional = false
python-versions = "*"
version = "2.1"

[package.dependencies]
promise = ">=2.1"
rx = ">=1.6.0"
six = ">=1.10.0"

[[package]]
category = "main"
description = "Relay implementation for Python"
marker = "extra == \"all\""
name = "graphql-relay"
optional = false
python-versions = "*"
version = "0.4.5"

[package.dependencies]
graphql-core = ">=0.5.0"
promise = ">=0.4.0"
six = ">=1.10.0"

[[package]]
category = "main"
description = "A pure-Python, bring-your-own-I/O implementation of HTTP/1.1"
marker = "extra == \"all\""
name = "h11"
optional = false
python-versions = "*"
version = "0.8.1"

[[package]]
category = "main"
description = "A collection of framework independent HTTP protocol utils."
marker = "sys_platform != \"win32\" and sys_platform != \"cygwin\" and platform_python_implementation != \"pypy\" and extra == \"all\""
name = "httptools"
optional = false
python-versions = "*"
version = "0.0.13"

[[package]]
category = "main"
description = "Internationalized Domain Names in Applications (IDNA)"
marker = "extra == \"all\""
name = "idna"
optional = false
python-versions = ">=2.7, !=3.0.*, !=3.1.*, !=3.2.*, !=3.3.*"
version = "2.8"

[[package]]
category = "dev"
description = "Read metadata from Python packages"
name = "importlib-metadata"
optional = false
python-versions = ">=2.7,!=3.0,!=3.1,!=3.2,!=3.3"
version = "0.15"

[package.dependencies]
zipp = ">=0.5"

[[package]]
category = "main"
description = "Various helpers to pass data to untrusted environments and back."
marker = "extra == \"all\""
name = "itsdangerous"
optional = false
python-versions = ">=2.7, !=3.0.*, !=3.1.*, !=3.2.*, !=3.3.*"
version = "1.1.0"

[[package]]
category = "main"
description = "A small but fast and easy to use stand-alone template engine written in pure python."
marker = "extra == \"all\""
name = "jinja2"
optional = false
python-versions = "*"
version = "2.10.1"

[package.dependencies]
MarkupSafe = ">=0.23"

[[package]]
category = "main"
description = "A super-fast templating language that borrows the  best ideas from the existing templating languages."
name = "mako"
optional = false
python-versions = ">=2.6"
version = "1.0.10"

[package.dependencies]
MarkupSafe = ">=0.9.2"

[[package]]
category = "main"
description = "Safely add untrusted strings to HTML/XML markup."
name = "markupsafe"
optional = false
python-versions = ">=2.7,!=3.0.*,!=3.1.*,!=3.2.*,!=3.3.*"
version = "1.1.1"

[[package]]
category = "dev"
description = "More routines for operating on iterables, beyond itertools"
marker = "python_version > \"2.7\""
name = "more-itertools"
optional = false
python-versions = ">=3.4"
version = "7.0.0"

[[package]]
category = "main"
description = "SQLAlchemy mixins for use with Postgres."
name = "mortar-mixins"
optional = false
python-versions = "*"
version = "2.3.5"

[package.dependencies]
SQLAlchemy = "*"
psycopg2 = "*"

[[package]]
category = "main"
description = "SQLAlchemy and the component architecture tied together for easy use in multi-package projects for any framework"
name = "mortar-rdb"
optional = false
python-versions = "*"
version = "3.0.0"

[package.dependencies]
SQLAlchemy = "*"
"zope.component" = "*"
"zope.dottedname" = "*"
"zope.interface" = "*"
"zope.sqlalchemy" = "*"

[[package]]
category = "dev"
description = "plugin and hook calling mechanisms for python"
name = "pluggy"
optional = false
python-versions = ">=2.7, !=3.0.*, !=3.1.*, !=3.2.*, !=3.3.*"
version = "0.12.0"

[package.dependencies]
importlib-metadata = ">=0.12"

[[package]]
category = "main"
description = "Promises/A+ implementation for Python"
marker = "extra == \"all\""
name = "promise"
optional = false
python-versions = "*"
version = "2.2.1"

[package.dependencies]
six = "*"

[[package]]
category = "main"
description = "psycopg2 - Python-PostgreSQL Database Adapter"
name = "psycopg2"
optional = false
python-versions = ">=2.7,!=3.0.*,!=3.1.*,!=3.2.*,!=3.3.*"
version = "2.8.2"

[[package]]
category = "dev"
description = "library with cross-python path, ini-parsing, io, code, log facilities"
name = "py"
optional = false
python-versions = ">=2.7, !=3.0.*, !=3.1.*, !=3.2.*, !=3.3.*"
version = "1.8.0"

[[package]]
category = "main"
description = "Data validation and settings management using python 3.6 type hinting"
name = "pydantic"
optional = false
python-versions = ">=3.6"
version = "0.26"

[[package]]
category = "dev"
description = "pytest: simple powerful testing with Python"
name = "pytest"
optional = false
python-versions = ">=2.7, !=3.0.*, !=3.1.*, !=3.2.*, !=3.3.*"
version = "4.5.0"

[package.dependencies]
atomicwrites = ">=1.0"
attrs = ">=17.4.0"
colorama = "*"
pluggy = ">=0.9,<0.10 || >0.10,<1.0"
py = ">=1.5.0"
setuptools = "*"
six = ">=1.10.0"
wcwidth = "*"

[package.dependencies.more-itertools]
python = ">2.7"
version = ">=4.0.0"

[[package]]
category = "main"
description = "Extensions to the standard Python datetime module"
name = "python-dateutil"
optional = false
python-versions = ">=2.7, !=3.0.*, !=3.1.*, !=3.2.*"
version = "2.8.0"

[package.dependencies]
six = ">=1.5"

[[package]]
category = "main"
description = "Programmatically open an editor, capture the result."
name = "python-editor"
optional = false
python-versions = "*"
version = "1.0.4"

[[package]]
category = "main"
description = "A streaming multipart parser for Python"
marker = "extra == \"all\""
name = "python-multipart"
optional = false
python-versions = "*"
version = "0.0.5"

[package.dependencies]
six = ">=1.4.0"

[[package]]
category = "main"
description = "YAML parser and emitter for Python"
name = "pyyaml"
optional = false
python-versions = "*"
version = "5.1"

[[package]]
category = "main"
description = "Python HTTP for Humans."
marker = "extra == \"all\""
name = "requests"
optional = false
python-versions = ">=2.7, !=3.0.*, !=3.1.*, !=3.2.*, !=3.3.*, !=3.4.*"
version = "2.22.0"

[package.dependencies]
certifi = ">=2017.4.17"
chardet = ">=3.0.2,<3.1.0"
idna = ">=2.5,<2.9"
urllib3 = ">=1.21.1,<1.25.0 || >1.25.0,<1.25.1 || >1.25.1,<1.26"

[[package]]
category = "main"
description = "Reactive Extensions (Rx) for Python"
marker = "extra == \"all\""
name = "rx"
optional = false
python-versions = "*"
version = "1.6.1"

[[package]]
category = "main"
description = "Python 2 and 3 compatibility utilities"
name = "six"
optional = false
python-versions = ">=2.6, !=3.0.*, !=3.1.*"
version = "1.12.0"

[[package]]
category = "main"
description = "Database Abstraction Library"
name = "sqlalchemy"
optional = false
python-versions = ">=2.7, !=3.0.*, !=3.1.*, !=3.2.*, !=3.3.*"
version = "1.3.4"

[[package]]
category = "main"
description = "Various utility functions for SQLAlchemy."
name = "sqlalchemy-utils"
optional = false
python-versions = "*"
version = "0.33.11"

[package.dependencies]
SQLAlchemy = ">=1.0"
six = "*"

[[package]]
category = "main"
description = "The little ASGI library that shines."
name = "starlette"
optional = false
python-versions = ">=3.6"
version = "0.12.0"

[[package]]
category = "dev"
description = "A collection of helpers and mock objects for unit tests and doc tests."
name = "testfixtures"
optional = false
python-versions = "*"
version = "6.8.2"

[[package]]
category = "main"
description = "Transaction management for Python"
name = "transaction"
optional = false
python-versions = "*"
version = "2.4.0"

[package.dependencies]
"zope.interface" = "*"

[[package]]
category = "main"
description = "Ultra fast JSON encoder and decoder for Python"
marker = "extra == \"all\""
name = "ujson"
optional = false
python-versions = "*"
version = "1.35"

[[package]]
category = "main"
description = "HTTP library with thread-safe connection pooling, file post, and more."
marker = "extra == \"all\""
name = "urllib3"
optional = false
python-versions = ">=2.7, !=3.0.*, !=3.1.*, !=3.2.*, !=3.3.*, <4"
version = "1.25.3"

[[package]]
category = "main"
description = "The lightning-fast ASGI server."
marker = "extra == \"all\""
name = "uvicorn"
optional = false
python-versions = "*"
version = "0.7.1"

[package.dependencies]
click = ">=7.0.0,<8.0.0"
h11 = ">=0.8.0,<0.9.0"
httptools = "0.0.13"
uvloop = ">=0.12.0,<0.13.0"
websockets = ">=7.0.0,<8.0.0"

[[package]]
category = "main"
description = "Fast implementation of asyncio event loop on top of libuv"
marker = "sys_platform != \"win32\" and sys_platform != \"cygwin\" and platform_python_implementation != \"pypy\" and extra == \"all\""
name = "uvloop"
optional = false
python-versions = "*"
version = "0.12.2"

[[package]]
category = "dev"
description = "Measures number of Terminal column cells of wide-character codes"
name = "wcwidth"
optional = false
python-versions = "*"
version = "0.1.7"

[[package]]
category = "main"
description = "An implementation of the WebSocket Protocol (RFC 6455 & 7692)"
marker = "extra == \"all\""
name = "websockets"
optional = false
python-versions = ">=3.4"
version = "7.0"

[[package]]
category = "dev"
description = "Backport of pathlib-compatible object wrapper for zip files"
name = "zipp"
optional = false
python-versions = ">=2.7"
version = "0.5.1"

[[package]]
category = "main"
description = "Zope Component Architecture"
name = "zope.component"
optional = false
python-versions = "*"
version = "4.5"

[package.dependencies]
setuptools = "*"
"zope.deferredimport" = ">=4.2.1"
"zope.deprecation" = ">=4.3.0"
"zope.event" = "*"
"zope.hookable" = ">=4.2.0"
"zope.interface" = ">=4.1.0"

[[package]]
category = "main"
description = "zope.deferredimport allows you to perform imports names that will only be resolved when used in the code."
name = "zope.deferredimport"
optional = false
python-versions = "*"
version = "4.3"

[package.dependencies]
setuptools = "*"
"zope.proxy" = "*"

[[package]]
category = "main"
description = "Zope Deprecation Infrastructure"
name = "zope.deprecation"
optional = false
python-versions = "*"
version = "4.4.0"

[package.dependencies]
setuptools = "*"

[[package]]
category = "main"
description = "Resolver for Python dotted names."
name = "zope.dottedname"
optional = false
python-versions = "*"
version = "4.3"

[package.dependencies]
setuptools = "*"

[[package]]
category = "main"
description = "Very basic event publishing system"
name = "zope.event"
optional = false
python-versions = "*"
version = "4.4"

[package.dependencies]
setuptools = "*"

[[package]]
category = "main"
description = "Zope hookable"
name = "zope.hookable"
optional = false
python-versions = ">=2.7,!=3.0.*,!=3.1.*,!=3.2.*,!=3.3.*"
version = "4.2.0"

[package.dependencies]
setuptools = "*"

[[package]]
category = "main"
description = "Interfaces for Python"
name = "zope.interface"
optional = false
python-versions = ">=2.7, !=3.0.*, !=3.1.*, !=3.2.*, !=3.3.*"
version = "4.6.0"

[package.dependencies]
setuptools = "*"

[[package]]
category = "main"
description = "Generic Transparent Proxies"
name = "zope.proxy"
optional = false
python-versions = "*"
version = "4.3.1"

[package.dependencies]
setuptools = "*"
"zope.interface" = "*"

[[package]]
category = "main"
description = "Minimal Zope/SQLAlchemy transaction integration"
name = "zope.sqlalchemy"
optional = false
python-versions = "*"
version = "1.1"

[package.dependencies]
SQLAlchemy = ">=0.5.1"
setuptools = "*"
transaction = ">=1.6.0"
"zope.interface" = ">=3.6.0"

[metadata]
content-hash = "5dd81b70a669bb67a18039707c8e216705330929778f25f6b8b2183fb2d02c29"
python-versions = "^3.7"

[metadata.hashes]
aiofiles = ["021ea0ba314a86027c166ecc4b4c07f2d40fc0f4b3a950d1868a0f2571c2bbee", "1e644c2573f953664368de28d2aa4c89dfd64550429d0c27c4680ccd3aa4985d"]
alembic = ["828dcaa922155a2b7166c4f36ec45268944e4055c86499bd14319b4c8c0094b7"]
aniso8601 = ["7849749cf00ae0680ad2bdfe4419c7a662bef19c03691a19e008c8b9a5267802", "94f90871fcd314a458a3d4eca1c84448efbd200e86f55fe4c733c7a40149ef50"]
atomicwrites = ["03472c30eb2c5d1ba9227e4c2ca66ab8287fbfbbda3888aa93dc2e28fc6811b4", "75a9445bac02d8d058d5e1fe689654ba5a6556a1dfd8ce6ec55a0ed79866cfa6"]
attrs = ["69c0dbf2ed392de1cb5ec704444b08a5ef81680a61cb899dc08127123af36a79", "f0b870f674851ecbfbbbd364d6b5cbdff9dcedbc7f3f5e18a6891057f21fe399"]
certifi = ["59b7658e26ca9c7339e00f8f4636cdfe59d34fa37b9b04f6f9e9926b3cece1a5", "b26104d6835d1f5e49452a26eb2ff87fe7090b89dfcaee5ea2212697e1e1d7ae"]
chardet = ["84ab92ed1c4d4f16916e05906b6b75a6c0fb5db821cc65e70cbd64a3e2a5eaae", "fc323ffcaeaed0e0a02bf4d117757b98aed530d9ed4531e3e15460124c106691"]
click = ["2335065e6395b9e67ca716de5f7526736bfa6ceead690adf616d925bdc622b13", "5b94b49521f6456670fdb30cd82a4eca9412788a93fa6dd6df72c94d5a8ff2d7"]
colorama = ["05eed71e2e327246ad6b38c540c4a3117230b19679b875190486ddd2d721422d", "f8ac84de7840f5b9c4e3347b3c1eaa50f7e49c2b07596221daec5edaabbd7c48"]
configurator = ["dc97af9d3e3176dd68be730f311b7d8b5d9bf0a1885b124c2aa3983b1aeea437", "e3e7f361568a11f5bed0718ce04406fdc9f5d65ea6cf20ab0b7d339595ccaf91"]
dnspython = ["36c5e8e38d4369a08b6780b7f27d790a292b2b08eea01607865bf0936c558e01", "f69c21288a962f4da86e56c4905b49d11aba7938d3d740e80d9e366ee4f1632d"]
email-validator = ["79966e318d6d68fed359c90f8f19d242bcc178b724011f1c07145bd093da6cc7"]
fastapi = ["460be2e89c2d67970b9c98a99bcbaafa48f4aeba62e30d57a525bb00dfa71d78", "4e85581f1c9fe8aa19760cbdd85f6808a36a6ddfbd99911bc821f57caf0274b3"]
graphene = ["b8ec446d17fa68721636eaad3d6adc1a378cb6323e219814c8f98c9928fc9642", "faa26573b598b22ffd274e2fd7a4c52efa405dcca96e01a62239482246248aa3"]
graphql-core = ["889e869be5574d02af77baf1f30b5db9ca2959f1c9f5be7b2863ead5a3ec6181", "9462e22e32c7f03b667373ec0a84d95fba10e8ce2ead08f29fbddc63b671b0c1"]
graphql-relay = ["2716b7245d97091af21abf096fabafac576905096d21ba7118fba722596f65db"]
h11 = ["acca6a44cb52a32ab442b1779adf0875c443c689e9e028f8d831a3769f9c5208", "f2b1ca39bfed357d1f19ac732913d5f9faa54a5062eca7d2ec3a916cfb7ae4c7"]
httptools = ["e00cbd7ba01ff748e494248183abc6e153f49181169d8a3d41bb49132ca01dfc"]
idna = ["c357b3f628cf53ae2c4c05627ecc484553142ca23264e593d327bcde5e9c3407", "ea8b7f6188e6fa117537c3df7da9fc686d485087abf6ac197f9c46432f7e4a3c"]
importlib-metadata = ["027cfc6524613de726789072f95d2e4cc64dd1dee8096d42d13f2ead5bd302f5", "0d05199e1f0b1a8707a1b9c46476d4a49807fb56cb1b0737db1d37feb42fe31d"]
itsdangerous = ["321b033d07f2a4136d3ec762eac9f16a10ccd60f53c0c91af90217ace7ba1f19", "b12271b2047cb23eeb98c8b5622e2e5c5e9abd9784a153e9d8ef9cb4dd09d749"]
jinja2 = ["065c4f02ebe7f7cf559e49ee5a95fb800a9e4528727aec6f24402a5374c65013", "14dd6caf1527abb21f08f86c784eac40853ba93edb79552aa1e4b8aef1b61c7b"]
mako = ["7165919e78e1feb68b4dbe829871ea9941398178fa58e6beedb9ba14acf63965"]
markupsafe = ["00bc623926325b26bb9605ae9eae8a215691f33cae5df11ca5424f06f2d1f473", "09027a7803a62ca78792ad89403b1b7a73a01c8cb65909cd876f7fcebd79b161", "09c4b7f37d6c648cb13f9230d847adf22f8171b1ccc4d5682398e77f40309235", "1027c282dad077d0bae18be6794e6b6b8c91d58ed8a8d89a89d59693b9131db5", "24982cc2533820871eba85ba648cd53d8623687ff11cbb805be4ff7b4c971aff", "29872e92839765e546828bb7754a68c418d927cd064fd4708fab9fe9c8bb116b", "43a55c2930bbc139570ac2452adf3d70cdbb3cfe5912c71cdce1c2c6bbd9c5d1", "46c99d2de99945ec5cb54f23c8cd5689f6d7177305ebff350a58ce5f8de1669e", "500d4957e52ddc3351cabf489e79c91c17f6e0899158447047588650b5e69183", "535f6fc4d397c1563d08b88e485c3496cf5784e927af890fb3c3aac7f933ec66", "62fe6c95e3ec8a7fad637b7f3d372c15ec1caa01ab47926cfdf7a75b40e0eac1", "6dd73240d2af64df90aa7c4e7481e23825ea70af4b4922f8ede5b9e35f78a3b1", "717ba8fe3ae9cc0006d7c451f0bb265ee07739daf76355d06366154ee68d221e", "79855e1c5b8da654cf486b830bd42c06e8780cea587384cf6545b7d9ac013a0b", "7c1699dfe0cf8ff607dbdcc1e9b9af1755371f92a68f706051cc8c37d447c905", "88e5fcfb52ee7b911e8bb6d6aa2fd21fbecc674eadd44118a9cc3863f938e735", "8defac2f2ccd6805ebf65f5eeb132adcf2ab57aa11fdf4c0dd5169a004710e7d", "98c7086708b163d425c67c7a91bad6e466bb99d797aa64f965e9d25c12111a5e", "9add70b36c5666a2ed02b43b335fe19002ee5235efd4b8a89bfcf9005bebac0d", "9bf40443012702a1d2070043cb6291650a0841ece432556f784f004937f0f32c", "ade5e387d2ad0d7ebf59146cc00c8044acbd863725f887353a10df825fc8ae21", "b00c1de48212e4cc9603895652c5c410df699856a2853135b3967591e4beebc2", "b1282f8c00509d99fef04d8ba936b156d419be841854fe901d8ae224c59f0be5", "b2051432115498d3562c084a49bba65d97cf251f5a331c64a12ee7e04dacc51b", "ba59edeaa2fc6114428f1637ffff42da1e311e29382d81b339c1817d37ec93c6", "c8716a48d94b06bb3b2524c2b77e055fb313aeb4ea620c8dd03a105574ba704f", "cd5df75523866410809ca100dc9681e301e3c27567cf498077e8551b6d20e42f", "e249096428b3ae81b08327a63a485ad0878de3fb939049038579ac0ef61e17e7"]
more-itertools = ["2112d2ca570bb7c3e53ea1a35cd5df42bb0fd10c45f0fb97178679c3c03d64c7", "c3e4748ba1aad8dba30a4886b0b1a2004f9a863837b8654e7059eebf727afa5a"]
mortar-mixins = ["9c11882a64e752334f7ae4fe7aee192ba1419f4a6b4336eb59a50b05c23cdd93", "fdd074ea535586455c583eb8bd6ed349b67cf50d51ce3a3742ab79fb17dc5a8e"]
mortar-rdb = ["7c731a2aee02ba84a14f724d8425d73ca3bb2f3ad2a1a064c26c13c8bac3bd0e", "e849884e6dec9951555c91434c1df1b0fe00eb44ca3e1f56b4a6350b7a830d98"]
pluggy = ["0825a152ac059776623854c1543d65a4ad408eb3d33ee114dff91e57ec6ae6fc", "b9817417e95936bf75d85d3f8767f7df6cdde751fc40aed3bb3074cbcb77757c"]
promise = ["2ebbfc10b7abf6354403ed785fe4f04b9dfd421eb1a474ac8d187022228332af", "348f5f6c3edd4fd47c9cd65aed03ac1b31136d375aa63871a57d3e444c85655c"]
psycopg2 = ["00cfecb3f3db6eb76dcc763e71777da56d12b6d61db6a2c6ccbbb0bff5421f8f", "076501fc24ae13b2609ba2303d88d4db79072562f0b8cc87ec1667dedff99dc1", "4e2b34e4c0ddfeddf770d7df93e269700b080a4d2ec514fec668d71895f56782", "5cacf21b6f813c239f100ef78a4132056f93a5940219ec25d2ef833cbeb05588", "61f58e9ecb9e4dc7e30be56b562f8fc10ae3addcfcef51b588eed10a5a66100d", "8954ff6e47247bdd134db602fcadfc21662835bd92ce0760f3842eacfeb6e0f3", "b6e8c854cdc623028e558a409b06ea2f16d13438335941c7765d0a42b5bedd33", "baca21c0f7344576346e260454d0007313ccca8c170684707a63946b27a56c8f", "bb1735378770fb95dbe392d29e71405d45c8bdcfa064f916504833a92ab03c55", "de3d3c46c1ee18f996db42d1eb44cf1565cc9e38fb1dbd9b773ff6b3fa8035d7", "dee885602bb200bdcb1d30f6da6c7bb207360bc786d0a364fe1540dd14af0bab"]
py = ["64f65755aee5b381cea27766a3a147c3f15b9b6b9ac88676de66ba2ae36793fa", "dc639b046a6e2cff5bbe40194ad65936d6ba360b52b3c3fe1d08a82dd50b5e53"]
pydantic = ["b72e0df2463cee746cf42639845d4106c19f30136375e779352d710e69617731", "dab99d3070e040b8b2e987dfbe237350ab92d5d57a22d4e0e268ede2d85c7964"]
pytest = ["1a8aa4fa958f8f451ac5441f3ac130d9fc86ea38780dd2715e6d5c5882700b24", "b8bf138592384bd4e87338cb0f256bf5f615398a649d4bd83915f0e4047a5ca6"]
python-dateutil = ["7e6584c74aeed623791615e26efd690f29817a27c73085b78e4bad02493df2fb", "c89805f6f4d64db21ed966fda138f8a5ed7a4fdbc1a8ee329ce1b74e3c74da9e"]
python-editor = ["1bf6e860a8ad52a14c3ee1252d5dc25b2030618ed80c022598f00176adc8367d", "51fda6bcc5ddbbb7063b2af7509e43bd84bfc32a4ff71349ec7847713882327b", "5f98b069316ea1c2ed3f67e7f5df6c0d8f10b689964a4a811ff64f0106819ec8", "c3da2053dbab6b29c94e43c486ff67206eafbe7eb52dbec7390b5e2fb05aac77", "ea87e17f6ec459e780e4221f295411462e0d0810858e055fc514684350a2f522"]
python-multipart = ["f7bb5f611fc600d15fa47b3974c8aa16e93724513b49b5f95c81e6624c83fa43"]
pyyaml = ["1adecc22f88d38052fb787d959f003811ca858b799590a5eaa70e63dca50308c", "436bc774ecf7c103814098159fbb84c2715d25980175292c648f2da143909f95", "460a5a4248763f6f37ea225d19d5c205677d8d525f6a83357ca622ed541830c2", "5a22a9c84653debfbf198d02fe592c176ea548cccce47553f35f466e15cf2fd4", "7a5d3f26b89d688db27822343dfa25c599627bc92093e788956372285c6298ad", "9372b04a02080752d9e6f990179a4ab840227c6e2ce15b95e1278456664cf2ba", "a5dcbebee834eaddf3fa7366316b880ff4062e4bcc9787b78c7fbb4a26ff2dd1", "aee5bab92a176e7cd034e57f46e9df9a9862a71f8f37cad167c6fc74c65f5b4e", "c51f642898c0bacd335fc119da60baae0824f2cde95b0330b56c0553439f0673", "c68ea4d3ba1705da1e0d85da6684ac657912679a649e8868bd850d2c299cce13", "e23d0cc5299223dcc37885dae624f382297717e459ea24053709675a976a3e19"]
requests = ["11e007a8a2aa0323f5a921e9e6a2d7e4e67d9877e85773fba9ba6419025cbeb4", "9cf5292fcd0f598c671cfc1e0d7d1a7f13bb8085e9a590f48c010551dc6c4b31"]
rx = ["13a1d8d9e252625c173dc795471e614eadfe1cf40ffc684e08b8fff0d9748c23", "7357592bc7e881a95e0c2013b73326f704953301ab551fbc8133a6fadab84105"]
six = ["3350809f0555b11f552448330d0b52d5f24c91a322ea4a15ef22629740f3761c", "d16a0141ec1a18405cd4ce8b4613101da75da0e9a7aec5bdd4fa804d0e0eba73"]
sqlalchemy = ["c7fef198b43ef31dfd783d094fd5ee435ce8717592e6784c45ba337254998017"]
sqlalchemy-utils = ["3f1cb542cf0549a0de508d4919f3ad693a36230bf4cd13fdd6253549fec71182"]
starlette = ["d313433ef5cc38e0a276b59688ca2b11b8f031c78808c1afdf9d55cb86f34590"]
testfixtures = ["819e9090bf3cce5dfaf56817f55ede76b3ae490ad0e9ffe3060a6618d11894c3", "a6e95634a80bd6e5adc7e861729f4abd84433e91b4215d48a2098a096c0261b7"]
transaction = ["726059c461b9ec4e69e5bead6680667a3db01bf2adf901f23e4031228a0f9f9f", "b96a5e9aaa73f905759bc9ccf0021bf4864c01ac36666e0d28395e871f6d584a"]
ujson = ["f66073e5506e91d204ab0c614a148d5aa938bdbf104751be66f8ad7a222f5f86"]
urllib3 = ["b246607a25ac80bedac05c6f282e3cdaf3afb65420fd024ac94435cabe6e18d1", "dbe59173209418ae49d485b87d1681aefa36252ee85884c31346debd19463232"]
uvicorn = ["c10da7a54a6552279870900c881a2f1726314e2dd6270d4d3f9251683c643783"]
uvloop = ["0fcd894f6fc3226a962ee7ad895c4f52e3f5c3c55098e21efb17c071849a0573", "2f31de1742c059c96cb76b91c5275b22b22b965c886ee1fced093fa27dde9e64", "459e4649fcd5ff719523de33964aa284898e55df62761e7773d088823ccbd3e0", "67867aafd6e0bc2c30a079603a85d83b94f23c5593b3cc08ec7e58ac18bf48e5", "8c200457e6847f28d8bb91c5e5039d301716f5f2fce25646f5fb3fd65eda4a26", "958906b9ca39eb158414fbb7d6b8ef1b7aee4db5c8e8e5d00fcbb69a1ce9dca7", "ac1dca3d8f3ef52806059e81042ee397ac939e5a86c8a3cea55d6b087db66115", "b284c22d8938866318e3b9d178142b8be316c52d16fcfe1560685a686718a021", "c48692bf4587ce281d641087658eca275a5ad3b63c78297bbded96570ae9ce8f", "fefc3b2b947c99737c348887db2c32e539160dcbeb7af9aa6b53db7a283538fe"]
wcwidth = ["3df37372226d6e63e1b1e1eda15c594bca98a22d33a23832a90998faa96bc65e", "f4ebe71925af7b40a864553f761ed559b43544f8f71746c2d756c7fe788ade7c"]
websockets = ["04b42a1b57096ffa5627d6a78ea1ff7fad3bc2c0331ffc17bc32a4024da7fea0", "08e3c3e0535befa4f0c4443824496c03ecc25062debbcf895874f8a0b4c97c9f", "10d89d4326045bf5e15e83e9867c85d686b612822e4d8f149cf4840aab5f46e0", "232fac8a1978fc1dead4b1c2fa27c7756750fb393eb4ac52f6bc87ba7242b2fa", "4bf4c8097440eff22bc78ec76fe2a865a6e658b6977a504679aaf08f02c121da", "51642ea3a00772d1e48fb0c492f0d3ae3b6474f34d20eca005a83f8c9c06c561", "55d86102282a636e195dad68aaaf85b81d0bef449d7e2ef2ff79ac450bb25d53", "564d2675682bd497b59907d2205031acbf7d3fadf8c763b689b9ede20300b215", "5d13bf5197a92149dc0badcc2b699267ff65a867029f465accfca8abab95f412", "5eda665f6789edb9b57b57a159b9c55482cbe5b046d7db458948370554b16439", "5edb2524d4032be4564c65dc4f9d01e79fe8fad5f966e5b552f4e5164fef0885", "79691794288bc51e2a3b8de2bc0272ca8355d0b8503077ea57c0716e840ebaef", "7fcc8681e9981b9b511cdee7c580d5b005f3bb86b65bde2188e04a29f1d63317", "8e447e05ec88b1b408a4c9cde85aa6f4b04f06aa874b9f0b8e8319faf51b1fee", "90ea6b3e7787620bb295a4ae050d2811c807d65b1486749414f78cfd6fb61489", "9e13239952694b8b831088431d15f771beace10edfcf9ef230cefea14f18508f", "d40f081187f7b54d7a99d8a5c782eaa4edc335a057aa54c85059272ed826dc09", "e1df1a58ed2468c7b7ce9a2f9752a32ad08eac2bcd56318625c3647c2cd2da6f", "e98d0cec437097f09c7834a11c69d79fe6241729b23f656cfc227e93294fc242", "f8d59627702d2ff27cb495ca1abdea8bd8d581de425c56e93bff6517134e0a9b", "fc30cdf2e949a2225b012a7911d1d031df3d23e99b7eda7dfc982dc4a860dae9"]
zipp = ["8c1019c6aad13642199fbe458275ad6a84907634cc9f0989877ccc4a2840139d", "ca943a7e809cc12257001ccfb99e3563da9af99d52f261725e96dfe0f9275bc3"]
"zope.component" = ["6edfd626c3b593b72895a8cfcf79bff41f4619194ce996a85bce31ac02b94e55", "984a06ba3def0b02b1117fa4c45b56e772e8c29c0340820fbf367e440a93a3a4"]
"zope.deferredimport" = ["2ddef5a7ecfff132a2dd796253366ecf9748a446e30f1a0b3a636aec9d9c05c5", "4aae9cbacb2146cca58e62be0a914f0cec034d3b2d41135ea212ca8a96f4b5ec"]
"zope.deprecation" = ["0d453338f04bacf91bbfba545d8bcdf529aa829e67b705eac8c1a7fdce66e2df", "f1480b74995958b24ce37b0ef04d3663d2683e5d6debc96726eff18acf4ea113"]
"zope.dottedname" = ["0cec09844d309550359ac1941abfcd9141e213f67f3c19bb8f90360c40787576", "f75325c1e247559fcf3d2d7af72ddbb864ddd67ee4bf007ba01232165846aecf"]
"zope.event" = ["69c27debad9bdacd9ce9b735dad382142281ac770c4a432b533d6d65c4614bcf", "d8e97d165fd5a0997b45f5303ae11ea3338becfe68c401dd88ffd2113fe5cae7"]
"zope.hookable" = ["22886e421234e7e8cedc21202e1d0ab59960e40a47dd7240e9659a2d82c51370", "39912f446e45b4e1f1951b5ffa2d5c8b074d25727ec51855ae9eab5408f105ab", "3adb7ea0871dbc56b78f62c4f5c024851fc74299f4f2a95f913025b076cde220", "3d7c4b96341c02553d8b8d71065a9366ef67e6c6feca714f269894646bb8268b", "4e826a11a529ed0464ffcecf34b0b7bd1b4928dd5848c5c61bedd7833e8f4801", "700d68cc30728de1c4c62088a981c6daeaefdf20a0d81995d2c0b7f442c5f88c", "77c82a430cedfbf508d1aa406b2f437363c24fa90c73f577ead0fb5295749b83", "c1df3929a3666fc5a0c80d60a0c1e6f6ef97c7f6ed2f1b7cf49f3e6f3d4dde15", "dba8b2dd2cd41cb5f37bfa3f3d82721b8ae10e492944e48ddd90a439227f2893", "f492540305b15b5591bd7195d61f28946bb071de071cee5d68b6b8414da90fd2"]
"zope.interface" = ["086707e0f413ff8800d9c4bc26e174f7ee4c9c8b0302fbad68d083071822316c", "1157b1ec2a1f5bf45668421e3955c60c610e31913cc695b407a574efdbae1f7b", "11ebddf765bff3bbe8dbce10c86884d87f90ed66ee410a7e6c392086e2c63d02", "14b242d53f6f35c2d07aa2c0e13ccb710392bcd203e1b82a1828d216f6f6b11f", "1b3d0dcabc7c90b470e59e38a9acaa361be43b3a6ea644c0063951964717f0e5", "20a12ab46a7e72b89ce0671e7d7a6c3c1ca2c2766ac98112f78c5bddaa6e4375", "298f82c0ab1b182bd1f34f347ea97dde0fffb9ecf850ecf7f8904b8442a07487", "2f6175722da6f23dbfc76c26c241b67b020e1e83ec7fe93c9e5d3dd18667ada2", "3b877de633a0f6d81b600624ff9137312d8b1d0f517064dfc39999352ab659f0", "4265681e77f5ac5bac0905812b828c9fe1ce80c6f3e3f8574acfb5643aeabc5b", "550695c4e7313555549aa1cdb978dc9413d61307531f123558e438871a883d63", "5f4d42baed3a14c290a078e2696c5f565501abde1b2f3f1a1c0a94fbf6fbcc39", "62dd71dbed8cc6a18379700701d959307823b3b2451bdc018594c48956ace745", "7040547e5b882349c0a2cc9b50674b1745db551f330746af434aad4f09fba2cc", "7e099fde2cce8b29434684f82977db4e24f0efa8b0508179fce1602d103296a2", "7e5c9a5012b2b33e87980cee7d1c82412b2ebabcb5862d53413ba1a2cfde23aa", "81295629128f929e73be4ccfdd943a0906e5fe3cdb0d43ff1e5144d16fbb52b1", "95cc574b0b83b85be9917d37cd2fad0ce5a0d21b024e1a5804d044aabea636fc", "968d5c5702da15c5bf8e4a6e4b67a4d92164e334e9c0b6acf080106678230b98", "9e998ba87df77a85c7bed53240a7257afe51a07ee6bc3445a0bf841886da0b97", "a0c39e2535a7e9c195af956610dba5a1073071d2d85e9d2e5d789463f63e52ab", "a15e75d284178afe529a536b0e8b28b7e107ef39626a7809b4ee64ff3abc9127", "a6a6ff82f5f9b9702478035d8f6fb6903885653bff7ec3a1e011edc9b1a7168d", "b639f72b95389620c1f881d94739c614d385406ab1d6926a9ffe1c8abbea23fe", "bad44274b151d46619a7567010f7cde23a908c6faa84b97598fd2f474a0c6891", "bbcef00d09a30948756c5968863316c949d9cedbc7aabac5e8f0ffbdb632e5f1", "d788a3999014ddf416f2dc454efa4a5dbeda657c6aba031cf363741273804c6b", "eed88ae03e1ef3a75a0e96a55a99d7937ed03e53d0cffc2451c208db445a2966", "f99451f3a579e73b5dd58b1b08d1179791d49084371d9a47baad3b22417f0317"]
"zope.proxy" = ["0cbcfcafaa3b5fde7ba7a7b9a2b5f09af25c9b90087ad65f9e61359fed0ca63b", "3de631dd5054a3a20b9ebff0e375f39c0565f1fb9131200d589a6a8f379214cd", "5429134d04d42262f4dac25f6dea907f6334e9a751ffc62cb1d40226fb52bdeb", "563c2454b2d0f23bca54d2e0e4d781149b7b06cb5df67e253ca3620f37202dd2", "5bcf773345016b1461bb07f70c635b9386e5eaaa08e37d3939dcdf12d3fdbec5", "8d84b7aef38c693874e2f2084514522bf73fd720fde0ce2a9352a51315ffa475", "90de9473c05819b36816b6cb957097f809691836ed3142648bf62da84b4502fe", "dd592a69fe872445542a6e1acbefb8e28cbe6b4007b8f5146da917e49b155cc3", "e7399ab865399fce322f9cefc6f2f3e4099d087ba581888a9fea1bbe1db42a08", "e7d1c280d86d72735a420610df592aac72332194e531a8beff43a592c3a1b8eb", "e90243fee902adb0c39eceb3c69995c0f2004bc3fdb482fbf629efc656d124ed"]
"zope.sqlalchemy" = ["454f71aa475d47ec4c9ed712eb0c31e90952f24dd690f4a0a41d87d6182fe0a2", "81554c5b03fbf924c4144ef835b7900271fbd85cfe81cb6bd95e3ab7aa85189f"]
